
Microsoft Visual Studio Solution File, Format Version 12.00
# Visual Studio Version 16
VisualStudioVersion = 16.0.33214.272
MinimumVisualStudioVersion = 10.0.40219.1
Project("{FAE04EC0-301F-11D3-BF4B-00C04F79EFBC}") = "hada-p1", "hada-p1\hada-p1.csproj", "{16EFDBDC-126C-4125-A170-72BD69C0456E}"
EndProject
Global
	GlobalSection(SolutionConfigurationPlatforms) = preSolution
		Debug|Any CPU = Debug|Any CPU
		Release|Any CPU = Release|Any CPU
	EndGlobalSection
	GlobalSection(ProjectConfigurationPlatforms) = postSolution
		{16EFDBDC-126C-4125-A170-72BD69C0456E}.Debug|Any CPU.ActiveCfg = Debug|Any CPU
		{16EFDBDC-126C-4125-A170-72BD69C0456E}.Debug|Any CPU.Build.0 = Debug|Any CPU
		{16EFDBDC-126C-4125-A170-72BD69C0456E}.Release|Any CPU.ActiveCfg = Release|Any CPU
		{16EFDBDC-126C-4125-A170-72BD69C0456E}.Release|Any CPU.Build.0 = Release|Any CPU
	EndGlobalSection
	GlobalSection(SolutionProperties) = preSolution
		HideSolutionNode = FALSE
	EndGlobalSection
	GlobalSection(ExtensibilityGlobals) = postSolution
		SolutionGuid = {D0F7220A-60C8-4EFB-A519-FD7FF8FDFC62}
	EndGlobalSection
EndGlobal
